github.com/DanTulovsky/L-System v0.0.0-20191213210421-418b7e267458 h1:OerrGmnKIrGDjFeNqQpLuZ4KZL6BSqc3DkDI9eSLajI=
github.com/DanTulovsky/L-System v0.0.0-20191213210421-418b7e267458/go.mod h1:o/DuaeQOYYZWhLriqo0yK6O+e+K36VuGTYuGVu3P1Zc=
github.com/go-gl/gl v0.0.0-20181026044259-55b76b7df9d2/go.mod h1:482civXOzJJCPzJ4ZOX/pwvXBWSnzD4OKMdH4ClKGbk=
github.com/go-gl/gl v0.0.0-20210813123233-e4099ee2221f h1:s0O46d8fPwk9kU4k1jj76wBquMVETx7uveQD9MCIQoU=
github.com/go-gl/gl v0.0.0-20210813123233-e4099ee2221f/go.mod h1:wjpnOv6ONl2SuJSxqCPVaPZibGFdSci9HFocT9qtVYM=
github.com/go-gl/glfw/v3.3/glfw v0.0.0-20191125211704-12ad95a8df72/go.mod h1:tQ2UAYgL5IevRw8kRxooKSPJfGvJ9fJQFa0TUsXzTg8=
github.com/go-gl/glfw/v3.3/glfw v0.0.0-20210727001814-0db043d8d5be h1:vEIVIuBApEBQTEJt19GfhoU+zFSV+sNTa9E9FdnRYfk=
github.com/go-gl/glfw/v3.3/glfw v0.0.0-20210727001814-0db043d8d5be/go.mod h1:tQ2UAYgL5IevRw8kRxooKSPJfGvJ9fJQFa0TUsXzTg8=
github.com/golang-collections/collections v0.0.0-20130729185459-604e922904d3 h1:zN2lZNZRflqFyxVaTIU61KNKQ9C0055u9CAfpmqUvo4=
github.com/golang-collections/collections v0.0.0-20130729185459-604e922904d3/go.mod h1:nPpo7qLxd6XL3hWJG/O60sR8ZKfMCiIoNap5GvD12KU=
github.com/golang/freetype v0.0.0-20170609003504-e2365dfdc4a0 h1:DACJavvAHhabrF08vX0COfcOBJRhZ8lUbR+ZWIs0Y5g=
github.com/golang/freetype v0.0.0-20170609003504-e2365dfdc4a0/go.mod h1:E/TSTwGwJL78qG/PmXZO1EjYhfJinVAhrmmHX6Z8B9k=
github.com/lucasb-eyer/go-colorful v1.2.0 h1:1nnpGOrhyZZuNyfu1QjKiUICQ74+3FNCN69Aj6K7nkY=
github.com/lucasb-eyer/go-colorful v1.2.0/go.mod h1:R4dSotOR9KMtayYi1e77YzuveK+i7ruzyGqttikkLy0=
github.com/tfriedel6/canvas v0.12.1 h1:Oc4gww+cOtix69IaYo8TmRbwpbTl6D1jza2mBM4ZOPo=
github.com/tfriedel6/canvas v0.12.1/go.mod h1:WIe1YgsQiKA1awmU6tSs8e5DkceDHC5MHgV5vQQZr/0=
github.com/timtadh/data-structures v0.5.3 h1:F2tEjoG9qWIyUjbvXVgJqEOGJPMIiYn7U5W5mE+i/vQ=
github.com/timtadh/data-structures v0.5.3/go.mod h1:9R4XODhJ8JdWFEI8P/HJKqxuJctfBQw6fDibMQny2oU=
github.com/timtadh/lexmachine v0.2.2 h1:g55RnjdYazm5wnKv59pwFcBJHOyvTPfDEoz21s4PHmY=
github.com/timtadh/lexmachine v0.2.2/go.mod h1:GBJvD5OAfRn/gnp92zb9KTgHLB7akKyxmVivoYCcjQI=
github.com/veandco/go-sdl2 v0.4.0 h1:l9q6K+Dvpd/VlZdw2ufApKnWhAQqx9UL8Zrvbjtm3Lw=
github.com/veandco/go-sdl2 v0.4.0/go.mod h1:FB+kTpX9YTE+urhYiClnRzpOXbiWgaU3+5F2AB78DPg=
golang.org/x/exp v0.0.0-20181106170214-d68db9428509/go.mod h1:CJ0aWSM057203Lf6IL+f9T1iT9GByDxfZKAQTCR3kQA=
golang.org/x/image v0.0.0-20200119044424-58c23975cae1 h1:5h3ngYt7+vXCDZCup/HkCQgW5XwmSvR/nA2JmJ0RErg=
golang.org/x/image v0.0.0-20200119044424-58c23975cae1/go.mod h1:FeLwcggjj3mMvU+oOTbSwawSJRM1uh48EjtB4UJZlP0=
golang.org/x/mobile v0.0.0-20181026062114-a27dd33d354d/go.mod h1:z+o9i4GpDbdi3rU15maQ/Ox0txvL9dWGYEHz965HBQE=
golang.org/x/sys v0.0.0-20181128092732-4ed8d59d0b35/go.mod h1:STP8DvDyc/dI5b8T5hshtkjS+E42TnysNCUPdjciGhY=
golang.org/x/text v0.3.0/go.mod h1:NqM8EUOU14njkJ3fqMW+pc6Ldnwhi/IjpwHt7yyuwOQ=
